
Microsoft Visual Studio Solution File, Format Version 12.00
# Visual Studio Version 17
VisualStudioVersion = 17.2.32630.192
MinimumVisualStudioVersion = 10.0.40219.1
Project("{9A19103F-16F7-4668-BE54-9A1E7A4F7556}") = "R5T.F0060", "R5T.F0060\R5T.F0060.csproj", "{764AB12F-0B93-441E-A784-D1CF704E7089}"
EndProject
Global
	GlobalSection(SolutionConfigurationPlatforms) = preSolution
		Debug|Any CPU = Debug|Any CPU
		Release|Any CPU = Release|Any CPU
	EndGlobalSection
	GlobalSection(ProjectConfigurationPlatforms) = postSolution
		{764AB12F-0B93-441E-A784-D1CF704E7089}.Debug|Any CPU.ActiveCfg = Debug|Any CPU
		{764AB12F-0B93-441E-A784-D1CF704E7089}.Debug|Any CPU.Build.0 = Debug|Any CPU
		{764AB12F-0B93-441E-A784-D1CF704E7089}.Release|Any CPU.ActiveCfg = Release|Any CPU
		{764AB12F-0B93-441E-A784-D1CF704E7089}.Release|Any CPU.Build.0 = Release|Any CPU
	EndGlobalSection
	GlobalSection(SolutionProperties) = preSolution
		HideSolutionNode = FALSE
	EndGlobalSection
	GlobalSection(ExtensibilityGlobals) = postSolution
		SolutionGuid = {7322B767-B881-4BA7-91A2-F332B3C97406}
	EndGlobalSection
EndGlobal
