
Microsoft Visual Studio Solution File, Format Version 12.00
# Visual Studio Version 17
VisualStudioVersion = 17.2.32630.192
MinimumVisualStudioVersion = 10.0.40219.1
Project("{9A19103F-16F7-4668-BE54-9A1E7A4F7556}") = "R5T.F0060", "R5T.F0060\R5T.F0060.csproj", "{764AB12F-0B93-441E-A784-D1CF704E7089}"
EndProject
Project("{2150E333-8FDC-42A3-9474-1A3956D46DE8}") = "_Dependencies", "_Dependencies", "{D2C1BEA4-FE1B-4418-8027-4D6F39129823}"
EndProject
Project("{9A19103F-16F7-4668-BE54-9A1E7A4F7556}") = "R5T.T0146", "..\..\R5T.T0146\source\R5T.T0146\R5T.T0146.csproj", "{FCAE818F-F907-4698-AFC1-0FEBFAEE0F4D}"
EndProject
Project("{9A19103F-16F7-4668-BE54-9A1E7A4F7556}") = "R5T.T0132", "..\..\R5T.T0132\source\R5T.T0132\R5T.T0132.csproj", "{30390A35-CEE3-43D4-AF4E-8DEAAF3FB279}"
EndProject
Project("{9A19103F-16F7-4668-BE54-9A1E7A4F7556}") = "R5T.F0042", "..\..\R5T.F0042\source\R5T.F0042\R5T.F0042.csproj", "{BEFDA16D-1D6E-4919-B933-864BDED149CC}"
EndProject
Project("{9A19103F-16F7-4668-BE54-9A1E7A4F7556}") = "R5T.F0041", "..\..\R5T.F0041\source\R5T.F0041\R5T.F0041.csproj", "{B072E03D-2B5B-4434-82A2-AD08915B12E2}"
EndProject
Project("{9A19103F-16F7-4668-BE54-9A1E7A4F7556}") = "R5T.F0002", "..\..\R5T.F0002\source\R5T.F0002\R5T.F0002.csproj", "{9C6F76F7-4EA2-4806-9FA1-341F8FFDA650}"
EndProject
Project("{9A19103F-16F7-4668-BE54-9A1E7A4F7556}") = "R5T.F0000", "..\..\R5T.F0000\source\R5T.F0000\R5T.F0000.csproj", "{BD9B418F-8EC3-4CFF-9FC1-63C582202687}"
EndProject
Project("{9A19103F-16F7-4668-BE54-9A1E7A4F7556}") = "R5T.T0143", "..\..\R5T.T0143\source\R5T.T0143\R5T.T0143.csproj", "{19EEDBF7-8860-4A70-B787-612C78F6E490}"
EndProject
Project("{9A19103F-16F7-4668-BE54-9A1E7A4F7556}") = "R5T.T0142", "..\..\R5T.T0142\source\R5T.T0142\R5T.T0142.csproj", "{A1FE8CEB-73DD-427B-8E3B-70DAD000FB3A}"
EndProject
Project("{9A19103F-16F7-4668-BE54-9A1E7A4F7556}") = "R5T.Z0000", "..\..\R5T.Z0000\source\R5T.Z0000\R5T.Z0000.csproj", "{EF299B33-A313-4932-BF6C-42B29F9DE681}"
EndProject
Project("{9A19103F-16F7-4668-BE54-9A1E7A4F7556}") = "R5T.T0131", "..\..\R5T.T0131\source\R5T.T0131\R5T.T0131.csproj", "{4B4EB28D-5A7E-4B21-B48A-C1F17D4172B8}"
EndProject
Project("{9A19103F-16F7-4668-BE54-9A1E7A4F7556}") = "R5T.Y0000", "..\..\R5T.Y0000\source\R5T.Y0000\R5T.Y0000.csproj", "{ECC2F95E-6926-4CA0-A25D-C19E3598B525}"
EndProject
Project("{9A19103F-16F7-4668-BE54-9A1E7A4F7556}") = "R5T.F0019", "..\..\R5T.F0019\source\R5T.F0019\R5T.F0019.csproj", "{2EC4436E-E74A-4349-92F7-BAFC593B567A}"
EndProject
Project("{9A19103F-16F7-4668-BE54-9A1E7A4F7556}") = "R5T.L0001.Y000", "..\..\R5T.L0001\source\R5T.L0001.Y000\R5T.L0001.Y000.csproj", "{08E162B6-91D5-4B44-830B-1A513995750C}"
EndProject
Project("{9A19103F-16F7-4668-BE54-9A1E7A4F7556}") = "R5T.L0001.Z000", "..\..\R5T.L0001\source\R5T.L0001.Z000\R5T.L0001.Z000.csproj", "{20F77257-AFE2-4B1A-A45C-694068D3851F}"
EndProject
Project("{9A19103F-16F7-4668-BE54-9A1E7A4F7556}") = "R5T.L0001", "..\..\R5T.L0001\source\R5T.L0001\R5T.L0001.csproj", "{CB6B1F69-4AF3-4ADD-8C55-13146F6900BE}"
EndProject
Project("{9A19103F-16F7-4668-BE54-9A1E7A4F7556}") = "R5T.T0046", "..\..\R5T.T0046\source\R5T.T0046\R5T.T0046.csproj", "{76E1AA15-E027-4DB5-96AA-B0E56C7FF5E3}"
EndProject
Project("{9A19103F-16F7-4668-BE54-9A1E7A4F7556}") = "R5T.T0144", "..\..\R5T.T0144\source\R5T.T0144\R5T.T0144.csproj", "{CEC70274-428E-4EB5-9E01-B7ABA8F07C54}"
EndProject
Project("{9A19103F-16F7-4668-BE54-9A1E7A4F7556}") = "R5T.Y0004", "..\..\R5T.Y0004\source\R5T.Y0004\R5T.Y0004.csproj", "{38F3E91D-09DB-4049-9B99-B057D0E60846}"
EndProject
Project("{9A19103F-16F7-4668-BE54-9A1E7A4F7556}") = "R5T.Z0005", "..\..\R5T.Z0005\source\R5T.Z0005\R5T.Z0005.csproj", "{6FCD14E5-FA5F-4E93-BB8B-03D2B136A026}"
EndProject
Project("{9A19103F-16F7-4668-BE54-9A1E7A4F7556}") = "R5T.F0032", "..\..\R5T.F0032\source\R5T.F0032\R5T.F0032.csproj", "{A0C938EB-BC07-4C7E-852B-6EC44BA56018}"
EndProject
Project("{9A19103F-16F7-4668-BE54-9A1E7A4F7556}") = "R5T.L0019", "..\..\R5T.L0019\source\R5T.L0019\R5T.L0019.csproj", "{36267FE4-A5FE-4608-9B86-A305AC9EC7DA}"
EndProject
Project("{9A19103F-16F7-4668-BE54-9A1E7A4F7556}") = "R5T.F0046", "..\..\R5T.F0046\source\R5T.F0046\R5T.F0046.csproj", "{C7096CE6-84E8-4FC6-8B95-254C0386722A}"
EndProject
Project("{9A19103F-16F7-4668-BE54-9A1E7A4F7556}") = "R5T.F0047", "..\..\R5T.F0047\source\R5T.F0047\R5T.F0047.csproj", "{6E8439EE-9A0F-450B-ADEC-5D042F29B3E1}"
EndProject
Project("{9A19103F-16F7-4668-BE54-9A1E7A4F7556}") = "R5T.Z0013", "..\..\R5T.Z0013\source\R5T.Z0013\R5T.Z0013.csproj", "{88950C90-F847-49D5-8271-D33D62A99167}"
EndProject
Project("{9A19103F-16F7-4668-BE54-9A1E7A4F7556}") = "R5T.F0057", "..\..\R5T.F0057\source\R5T.F0057\R5T.F0057.csproj", "{849FF9B4-1F27-4210-B6A2-5DAC98A7146B}"
EndProject
Project("{9A19103F-16F7-4668-BE54-9A1E7A4F7556}") = "R5T.NG0003", "..\..\R5T.NG0003\source\R5T.NG0003\R5T.NG0003.csproj", "{898A26B5-BC5C-48EC-B896-C823CFAC1EA0}"
EndProject
Project("{9A19103F-16F7-4668-BE54-9A1E7A4F7556}") = "R5T.NG0005", "..\..\R5T.NG0005\source\R5T.NG0005\R5T.NG0005.csproj", "{F845B515-8EDF-411B-8286-7B444BB8A40F}"
EndProject
Project("{9A19103F-16F7-4668-BE54-9A1E7A4F7556}") = "R5T.F0059", "..\..\R5T.F0059\source\R5T.F0059\R5T.F0059.csproj", "{B1043D64-7B0D-4A6C-9639-30696E440004}"
EndProject
Global
	GlobalSection(SolutionConfigurationPlatforms) = preSolution
		Debug|Any CPU = Debug|Any CPU
		Release|Any CPU = Release|Any CPU
	EndGlobalSection
	GlobalSection(ProjectConfigurationPlatforms) = postSolution
		{764AB12F-0B93-441E-A784-D1CF704E7089}.Debug|Any CPU.ActiveCfg = Debug|Any CPU
		{764AB12F-0B93-441E-A784-D1CF704E7089}.Debug|Any CPU.Build.0 = Debug|Any CPU
		{764AB12F-0B93-441E-A784-D1CF704E7089}.Release|Any CPU.ActiveCfg = Release|Any CPU
		{764AB12F-0B93-441E-A784-D1CF704E7089}.Release|Any CPU.Build.0 = Release|Any CPU
		{FCAE818F-F907-4698-AFC1-0FEBFAEE0F4D}.Debug|Any CPU.ActiveCfg = Debug|Any CPU
		{FCAE818F-F907-4698-AFC1-0FEBFAEE0F4D}.Debug|Any CPU.Build.0 = Debug|Any CPU
		{FCAE818F-F907-4698-AFC1-0FEBFAEE0F4D}.Release|Any CPU.ActiveCfg = Release|Any CPU
		{FCAE818F-F907-4698-AFC1-0FEBFAEE0F4D}.Release|Any CPU.Build.0 = Release|Any CPU
		{30390A35-CEE3-43D4-AF4E-8DEAAF3FB279}.Debug|Any CPU.ActiveCfg = Debug|Any CPU
		{30390A35-CEE3-43D4-AF4E-8DEAAF3FB279}.Debug|Any CPU.Build.0 = Debug|Any CPU
		{30390A35-CEE3-43D4-AF4E-8DEAAF3FB279}.Release|Any CPU.ActiveCfg = Release|Any CPU
		{30390A35-CEE3-43D4-AF4E-8DEAAF3FB279}.Release|Any CPU.Build.0 = Release|Any CPU
		{BEFDA16D-1D6E-4919-B933-864BDED149CC}.Debug|Any CPU.ActiveCfg = Debug|Any CPU
		{BEFDA16D-1D6E-4919-B933-864BDED149CC}.Debug|Any CPU.Build.0 = Debug|Any CPU
		{BEFDA16D-1D6E-4919-B933-864BDED149CC}.Release|Any CPU.ActiveCfg = Release|Any CPU
		{BEFDA16D-1D6E-4919-B933-864BDED149CC}.Release|Any CPU.Build.0 = Release|Any CPU
		{B072E03D-2B5B-4434-82A2-AD08915B12E2}.Debug|Any CPU.ActiveCfg = Debug|Any CPU
		{B072E03D-2B5B-4434-82A2-AD08915B12E2}.Debug|Any CPU.Build.0 = Debug|Any CPU
		{B072E03D-2B5B-4434-82A2-AD08915B12E2}.Release|Any CPU.ActiveCfg = Release|Any CPU
		{B072E03D-2B5B-4434-82A2-AD08915B12E2}.Release|Any CPU.Build.0 = Release|Any CPU
		{9C6F76F7-4EA2-4806-9FA1-341F8FFDA650}.Debug|Any CPU.ActiveCfg = Debug|Any CPU
		{9C6F76F7-4EA2-4806-9FA1-341F8FFDA650}.Debug|Any CPU.Build.0 = Debug|Any CPU
		{9C6F76F7-4EA2-4806-9FA1-341F8FFDA650}.Release|Any CPU.ActiveCfg = Release|Any CPU
		{9C6F76F7-4EA2-4806-9FA1-341F8FFDA650}.Release|Any CPU.Build.0 = Release|Any CPU
		{BD9B418F-8EC3-4CFF-9FC1-63C582202687}.Debug|Any CPU.ActiveCfg = Debug|Any CPU
		{BD9B418F-8EC3-4CFF-9FC1-63C582202687}.Debug|Any CPU.Build.0 = Debug|Any CPU
		{BD9B418F-8EC3-4CFF-9FC1-63C582202687}.Release|Any CPU.ActiveCfg = Release|Any CPU
		{BD9B418F-8EC3-4CFF-9FC1-63C582202687}.Release|Any CPU.Build.0 = Release|Any CPU
		{19EEDBF7-8860-4A70-B787-612C78F6E490}.Debug|Any CPU.ActiveCfg = Debug|Any CPU
		{19EEDBF7-8860-4A70-B787-612C78F6E490}.Debug|Any CPU.Build.0 = Debug|Any CPU
		{19EEDBF7-8860-4A70-B787-612C78F6E490}.Release|Any CPU.ActiveCfg = Release|Any CPU
		{19EEDBF7-8860-4A70-B787-612C78F6E490}.Release|Any CPU.Build.0 = Release|Any CPU
		{A1FE8CEB-73DD-427B-8E3B-70DAD000FB3A}.Debug|Any CPU.ActiveCfg = Debug|Any CPU
		{A1FE8CEB-73DD-427B-8E3B-70DAD000FB3A}.Debug|Any CPU.Build.0 = Debug|Any CPU
		{A1FE8CEB-73DD-427B-8E3B-70DAD000FB3A}.Release|Any CPU.ActiveCfg = Release|Any CPU
		{A1FE8CEB-73DD-427B-8E3B-70DAD000FB3A}.Release|Any CPU.Build.0 = Release|Any CPU
		{EF299B33-A313-4932-BF6C-42B29F9DE681}.Debug|Any CPU.ActiveCfg = Debug|Any CPU
		{EF299B33-A313-4932-BF6C-42B29F9DE681}.Debug|Any CPU.Build.0 = Debug|Any CPU
		{EF299B33-A313-4932-BF6C-42B29F9DE681}.Release|Any CPU.ActiveCfg = Release|Any CPU
		{EF299B33-A313-4932-BF6C-42B29F9DE681}.Release|Any CPU.Build.0 = Release|Any CPU
		{4B4EB28D-5A7E-4B21-B48A-C1F17D4172B8}.Debug|Any CPU.ActiveCfg = Debug|Any CPU
		{4B4EB28D-5A7E-4B21-B48A-C1F17D4172B8}.Debug|Any CPU.Build.0 = Debug|Any CPU
		{4B4EB28D-5A7E-4B21-B48A-C1F17D4172B8}.Release|Any CPU.ActiveCfg = Release|Any CPU
		{4B4EB28D-5A7E-4B21-B48A-C1F17D4172B8}.Release|Any CPU.Build.0 = Release|Any CPU
		{ECC2F95E-6926-4CA0-A25D-C19E3598B525}.Debug|Any CPU.ActiveCfg = Debug|Any CPU
		{ECC2F95E-6926-4CA0-A25D-C19E3598B525}.Debug|Any CPU.Build.0 = Debug|Any CPU
		{ECC2F95E-6926-4CA0-A25D-C19E3598B525}.Release|Any CPU.ActiveCfg = Release|Any CPU
		{ECC2F95E-6926-4CA0-A25D-C19E3598B525}.Release|Any CPU.Build.0 = Release|Any CPU
		{2EC4436E-E74A-4349-92F7-BAFC593B567A}.Debug|Any CPU.ActiveCfg = Debug|Any CPU
		{2EC4436E-E74A-4349-92F7-BAFC593B567A}.Debug|Any CPU.Build.0 = Debug|Any CPU
		{2EC4436E-E74A-4349-92F7-BAFC593B567A}.Release|Any CPU.ActiveCfg = Release|Any CPU
		{2EC4436E-E74A-4349-92F7-BAFC593B567A}.Release|Any CPU.Build.0 = Release|Any CPU
		{08E162B6-91D5-4B44-830B-1A513995750C}.Debug|Any CPU.ActiveCfg = Debug|Any CPU
		{08E162B6-91D5-4B44-830B-1A513995750C}.Debug|Any CPU.Build.0 = Debug|Any CPU
		{08E162B6-91D5-4B44-830B-1A513995750C}.Release|Any CPU.ActiveCfg = Release|Any CPU
		{08E162B6-91D5-4B44-830B-1A513995750C}.Release|Any CPU.Build.0 = Release|Any CPU
		{20F77257-AFE2-4B1A-A45C-694068D3851F}.Debug|Any CPU.ActiveCfg = Debug|Any CPU
		{20F77257-AFE2-4B1A-A45C-694068D3851F}.Debug|Any CPU.Build.0 = Debug|Any CPU
		{20F77257-AFE2-4B1A-A45C-694068D3851F}.Release|Any CPU.ActiveCfg = Release|Any CPU
		{20F77257-AFE2-4B1A-A45C-694068D3851F}.Release|Any CPU.Build.0 = Release|Any CPU
		{CB6B1F69-4AF3-4ADD-8C55-13146F6900BE}.Debug|Any CPU.ActiveCfg = Debug|Any CPU
		{CB6B1F69-4AF3-4ADD-8C55-13146F6900BE}.Debug|Any CPU.Build.0 = Debug|Any CPU
		{CB6B1F69-4AF3-4ADD-8C55-13146F6900BE}.Release|Any CPU.ActiveCfg = Release|Any CPU
		{CB6B1F69-4AF3-4ADD-8C55-13146F6900BE}.Release|Any CPU.Build.0 = Release|Any CPU
		{76E1AA15-E027-4DB5-96AA-B0E56C7FF5E3}.Debug|Any CPU.ActiveCfg = Debug|Any CPU
		{76E1AA15-E027-4DB5-96AA-B0E56C7FF5E3}.Debug|Any CPU.Build.0 = Debug|Any CPU
		{76E1AA15-E027-4DB5-96AA-B0E56C7FF5E3}.Release|Any CPU.ActiveCfg = Release|Any CPU
		{76E1AA15-E027-4DB5-96AA-B0E56C7FF5E3}.Release|Any CPU.Build.0 = Release|Any CPU
		{CEC70274-428E-4EB5-9E01-B7ABA8F07C54}.Debug|Any CPU.ActiveCfg = Debug|Any CPU
		{CEC70274-428E-4EB5-9E01-B7ABA8F07C54}.Debug|Any CPU.Build.0 = Debug|Any CPU
		{CEC70274-428E-4EB5-9E01-B7ABA8F07C54}.Release|Any CPU.ActiveCfg = Release|Any CPU
		{CEC70274-428E-4EB5-9E01-B7ABA8F07C54}.Release|Any CPU.Build.0 = Release|Any CPU
		{38F3E91D-09DB-4049-9B99-B057D0E60846}.Debug|Any CPU.ActiveCfg = Debug|Any CPU
		{38F3E91D-09DB-4049-9B99-B057D0E60846}.Debug|Any CPU.Build.0 = Debug|Any CPU
		{38F3E91D-09DB-4049-9B99-B057D0E60846}.Release|Any CPU.ActiveCfg = Release|Any CPU
		{38F3E91D-09DB-4049-9B99-B057D0E60846}.Release|Any CPU.Build.0 = Release|Any CPU
		{6FCD14E5-FA5F-4E93-BB8B-03D2B136A026}.Debug|Any CPU.ActiveCfg = Debug|Any CPU
		{6FCD14E5-FA5F-4E93-BB8B-03D2B136A026}.Debug|Any CPU.Build.0 = Debug|Any CPU
		{6FCD14E5-FA5F-4E93-BB8B-03D2B136A026}.Release|Any CPU.ActiveCfg = Release|Any CPU
		{6FCD14E5-FA5F-4E93-BB8B-03D2B136A026}.Release|Any CPU.Build.0 = Release|Any CPU
		{A0C938EB-BC07-4C7E-852B-6EC44BA56018}.Debug|Any CPU.ActiveCfg = Debug|Any CPU
		{A0C938EB-BC07-4C7E-852B-6EC44BA56018}.Debug|Any CPU.Build.0 = Debug|Any CPU
		{A0C938EB-BC07-4C7E-852B-6EC44BA56018}.Release|Any CPU.ActiveCfg = Release|Any CPU
		{A0C938EB-BC07-4C7E-852B-6EC44BA56018}.Release|Any CPU.Build.0 = Release|Any CPU
		{36267FE4-A5FE-4608-9B86-A305AC9EC7DA}.Debug|Any CPU.ActiveCfg = Debug|Any CPU
		{36267FE4-A5FE-4608-9B86-A305AC9EC7DA}.Debug|Any CPU.Build.0 = Debug|Any CPU
		{36267FE4-A5FE-4608-9B86-A305AC9EC7DA}.Release|Any CPU.ActiveCfg = Release|Any CPU
		{36267FE4-A5FE-4608-9B86-A305AC9EC7DA}.Release|Any CPU.Build.0 = Release|Any CPU
		{C7096CE6-84E8-4FC6-8B95-254C0386722A}.Debug|Any CPU.ActiveCfg = Debug|Any CPU
		{C7096CE6-84E8-4FC6-8B95-254C0386722A}.Debug|Any CPU.Build.0 = Debug|Any CPU
		{C7096CE6-84E8-4FC6-8B95-254C0386722A}.Release|Any CPU.ActiveCfg = Release|Any CPU
		{C7096CE6-84E8-4FC6-8B95-254C0386722A}.Release|Any CPU.Build.0 = Release|Any CPU
		{6E8439EE-9A0F-450B-ADEC-5D042F29B3E1}.Debug|Any CPU.ActiveCfg = Debug|Any CPU
		{6E8439EE-9A0F-450B-ADEC-5D042F29B3E1}.Debug|Any CPU.Build.0 = Debug|Any CPU
		{6E8439EE-9A0F-450B-ADEC-5D042F29B3E1}.Release|Any CPU.ActiveCfg = Release|Any CPU
		{6E8439EE-9A0F-450B-ADEC-5D042F29B3E1}.Release|Any CPU.Build.0 = Release|Any CPU
		{88950C90-F847-49D5-8271-D33D62A99167}.Debug|Any CPU.ActiveCfg = Debug|Any CPU
		{88950C90-F847-49D5-8271-D33D62A99167}.Debug|Any CPU.Build.0 = Debug|Any CPU
		{88950C90-F847-49D5-8271-D33D62A99167}.Release|Any CPU.ActiveCfg = Release|Any CPU
		{88950C90-F847-49D5-8271-D33D62A99167}.Release|Any CPU.Build.0 = Release|Any CPU
		{849FF9B4-1F27-4210-B6A2-5DAC98A7146B}.Debug|Any CPU.ActiveCfg = Debug|Any CPU
		{849FF9B4-1F27-4210-B6A2-5DAC98A7146B}.Debug|Any CPU.Build.0 = Debug|Any CPU
		{849FF9B4-1F27-4210-B6A2-5DAC98A7146B}.Release|Any CPU.ActiveCfg = Release|Any CPU
		{849FF9B4-1F27-4210-B6A2-5DAC98A7146B}.Release|Any CPU.Build.0 = Release|Any CPU
		{898A26B5-BC5C-48EC-B896-C823CFAC1EA0}.Debug|Any CPU.ActiveCfg = Debug|Any CPU
		{898A26B5-BC5C-48EC-B896-C823CFAC1EA0}.Debug|Any CPU.Build.0 = Debug|Any CPU
		{898A26B5-BC5C-48EC-B896-C823CFAC1EA0}.Release|Any CPU.ActiveCfg = Release|Any CPU
		{898A26B5-BC5C-48EC-B896-C823CFAC1EA0}.Release|Any CPU.Build.0 = Release|Any CPU
		{F845B515-8EDF-411B-8286-7B444BB8A40F}.Debug|Any CPU.ActiveCfg = Debug|Any CPU
		{F845B515-8EDF-411B-8286-7B444BB8A40F}.Debug|Any CPU.Build.0 = Debug|Any CPU
		{F845B515-8EDF-411B-8286-7B444BB8A40F}.Release|Any CPU.ActiveCfg = Release|Any CPU
		{F845B515-8EDF-411B-8286-7B444BB8A40F}.Release|Any CPU.Build.0 = Release|Any CPU
		{B1043D64-7B0D-4A6C-9639-30696E440004}.Debug|Any CPU.ActiveCfg = Debug|Any CPU
		{B1043D64-7B0D-4A6C-9639-30696E440004}.Debug|Any CPU.Build.0 = Debug|Any CPU
		{B1043D64-7B0D-4A6C-9639-30696E440004}.Release|Any CPU.ActiveCfg = Release|Any CPU
		{B1043D64-7B0D-4A6C-9639-30696E440004}.Release|Any CPU.Build.0 = Release|Any CPU
	EndGlobalSection
	GlobalSection(SolutionProperties) = preSolution
		HideSolutionNode = FALSE
	EndGlobalSection
	GlobalSection(NestedProjects) = preSolution
		{FCAE818F-F907-4698-AFC1-0FEBFAEE0F4D} = {D2C1BEA4-FE1B-4418-8027-4D6F39129823}
		{30390A35-CEE3-43D4-AF4E-8DEAAF3FB279} = {D2C1BEA4-FE1B-4418-8027-4D6F39129823}
		{BEFDA16D-1D6E-4919-B933-864BDED149CC} = {D2C1BEA4-FE1B-4418-8027-4D6F39129823}
		{B072E03D-2B5B-4434-82A2-AD08915B12E2} = {D2C1BEA4-FE1B-4418-8027-4D6F39129823}
		{9C6F76F7-4EA2-4806-9FA1-341F8FFDA650} = {D2C1BEA4-FE1B-4418-8027-4D6F39129823}
		{BD9B418F-8EC3-4CFF-9FC1-63C582202687} = {D2C1BEA4-FE1B-4418-8027-4D6F39129823}
		{19EEDBF7-8860-4A70-B787-612C78F6E490} = {D2C1BEA4-FE1B-4418-8027-4D6F39129823}
		{A1FE8CEB-73DD-427B-8E3B-70DAD000FB3A} = {D2C1BEA4-FE1B-4418-8027-4D6F39129823}
		{EF299B33-A313-4932-BF6C-42B29F9DE681} = {D2C1BEA4-FE1B-4418-8027-4D6F39129823}
		{4B4EB28D-5A7E-4B21-B48A-C1F17D4172B8} = {D2C1BEA4-FE1B-4418-8027-4D6F39129823}
		{ECC2F95E-6926-4CA0-A25D-C19E3598B525} = {D2C1BEA4-FE1B-4418-8027-4D6F39129823}
		{2EC4436E-E74A-4349-92F7-BAFC593B567A} = {D2C1BEA4-FE1B-4418-8027-4D6F39129823}
		{08E162B6-91D5-4B44-830B-1A513995750C} = {D2C1BEA4-FE1B-4418-8027-4D6F39129823}
		{20F77257-AFE2-4B1A-A45C-694068D3851F} = {D2C1BEA4-FE1B-4418-8027-4D6F39129823}
		{CB6B1F69-4AF3-4ADD-8C55-13146F6900BE} = {D2C1BEA4-FE1B-4418-8027-4D6F39129823}
		{76E1AA15-E027-4DB5-96AA-B0E56C7FF5E3} = {D2C1BEA4-FE1B-4418-8027-4D6F39129823}
		{CEC70274-428E-4EB5-9E01-B7ABA8F07C54} = {D2C1BEA4-FE1B-4418-8027-4D6F39129823}
		{38F3E91D-09DB-4049-9B99-B057D0E60846} = {D2C1BEA4-FE1B-4418-8027-4D6F39129823}
		{6FCD14E5-FA5F-4E93-BB8B-03D2B136A026} = {D2C1BEA4-FE1B-4418-8027-4D6F39129823}
		{A0C938EB-BC07-4C7E-852B-6EC44BA56018} = {D2C1BEA4-FE1B-4418-8027-4D6F39129823}
		{36267FE4-A5FE-4608-9B86-A305AC9EC7DA} = {D2C1BEA4-FE1B-4418-8027-4D6F39129823}
		{C7096CE6-84E8-4FC6-8B95-254C0386722A} = {D2C1BEA4-FE1B-4418-8027-4D6F39129823}
		{6E8439EE-9A0F-450B-ADEC-5D042F29B3E1} = {D2C1BEA4-FE1B-4418-8027-4D6F39129823}
		{88950C90-F847-49D5-8271-D33D62A99167} = {D2C1BEA4-FE1B-4418-8027-4D6F39129823}
		{849FF9B4-1F27-4210-B6A2-5DAC98A7146B} = {D2C1BEA4-FE1B-4418-8027-4D6F39129823}
		{898A26B5-BC5C-48EC-B896-C823CFAC1EA0} = {D2C1BEA4-FE1B-4418-8027-4D6F39129823}
		{F845B515-8EDF-411B-8286-7B444BB8A40F} = {D2C1BEA4-FE1B-4418-8027-4D6F39129823}
		{B1043D64-7B0D-4A6C-9639-30696E440004} = {D2C1BEA4-FE1B-4418-8027-4D6F39129823}
	EndGlobalSection
	GlobalSection(ExtensibilityGlobals) = postSolution
		SolutionGuid = {7322B767-B881-4BA7-91A2-F332B3C97406}
	EndGlobalSection
EndGlobal
