
Microsoft Visual Studio Solution File, Format Version 12.00
# Visual Studio Version 17
VisualStudioVersion = 17.2.32630.192
MinimumVisualStudioVersion = 10.0.40219.1
Project("{9A19103F-16F7-4668-BE54-9A1E7A4F7556}") = "R5T.F0060.Construction", "R5T.F0060.Construction\R5T.F0060.Construction.csproj", "{E9287F02-5542-4C76-9E2F-BFC6FFD5CC4B}"
EndProject
Project("{9A19103F-16F7-4668-BE54-9A1E7A4F7556}") = "R5T.F0060", "R5T.F0060\R5T.F0060.csproj", "{398C4B9F-E099-432F-9D65-FB6F85E7E34F}"
EndProject
Project("{2150E333-8FDC-42A3-9474-1A3956D46DE8}") = "_Dependencies", "_Dependencies", "{8D59EDA1-E422-4F55-A245-FD58750CA11C}"
EndProject
Project("{9A19103F-16F7-4668-BE54-9A1E7A4F7556}") = "R5T.F0000", "..\..\R5T.F0000\source\R5T.F0000\R5T.F0000.csproj", "{208205F8-62E5-42A5-BCF7-0F9152CCA9FC}"
EndProject
Project("{9A19103F-16F7-4668-BE54-9A1E7A4F7556}") = "R5T.F0002", "..\..\R5T.F0002\source\R5T.F0002\R5T.F0002.csproj", "{3D7B7400-EA43-4EDE-8489-4653E5D4A561}"
EndProject
Project("{9A19103F-16F7-4668-BE54-9A1E7A4F7556}") = "R5T.F0019", "..\..\R5T.F0019\source\R5T.F0019\R5T.F0019.csproj", "{DD217D63-2D2E-49A1-9C6D-CC862BA911A0}"
EndProject
Project("{9A19103F-16F7-4668-BE54-9A1E7A4F7556}") = "R5T.F0032", "..\..\R5T.F0032\source\R5T.F0032\R5T.F0032.csproj", "{54E53006-7AFA-4002-8AD3-CA6052485D0A}"
EndProject
Project("{9A19103F-16F7-4668-BE54-9A1E7A4F7556}") = "R5T.F0041", "..\..\R5T.F0041\source\R5T.F0041\R5T.F0041.csproj", "{48E9E102-07D6-4F14-9124-F020CB13F923}"
EndProject
Project("{9A19103F-16F7-4668-BE54-9A1E7A4F7556}") = "R5T.F0042.F001", "..\..\R5T.F0042\source\R5T.F0042.F001\R5T.F0042.F001.csproj", "{32FAB306-68B2-4DCE-A877-6CF01E86FD32}"
EndProject
Project("{9A19103F-16F7-4668-BE54-9A1E7A4F7556}") = "R5T.F0042", "..\..\R5T.F0042\source\R5T.F0042\R5T.F0042.csproj", "{2F430269-145C-4CA3-ADE2-66B650E20AF4}"
EndProject
Project("{9A19103F-16F7-4668-BE54-9A1E7A4F7556}") = "R5T.F0044", "..\..\R5T.F0044\source\R5T.F0044\R5T.F0044.csproj", "{FF09A75E-2EA2-4988-9998-4498FC3BABB8}"
EndProject
Project("{9A19103F-16F7-4668-BE54-9A1E7A4F7556}") = "R5T.F0046", "..\..\R5T.F0046\source\R5T.F0046\R5T.F0046.csproj", "{396FB453-75A0-4073-AB61-E95CADC56C34}"
EndProject
Project("{9A19103F-16F7-4668-BE54-9A1E7A4F7556}") = "R5T.F0047", "..\..\R5T.F0047\source\R5T.F0047\R5T.F0047.csproj", "{9B9EFF83-E04B-41FE-B126-0EE6E0F9B232}"
EndProject
Project("{9A19103F-16F7-4668-BE54-9A1E7A4F7556}") = "R5T.F0057", "..\..\R5T.F0057\source\R5T.F0057\R5T.F0057.csproj", "{FBEA9F98-31D4-437F-9334-2043B493472B}"
EndProject
Project("{9A19103F-16F7-4668-BE54-9A1E7A4F7556}") = "R5T.F0059", "..\..\R5T.F0059\source\R5T.F0059\R5T.F0059.csproj", "{273DAD6E-5C1D-4398-888C-A84F83EAFAE6}"
EndProject
Project("{9A19103F-16F7-4668-BE54-9A1E7A4F7556}") = "R5T.F0091", "..\..\R5T.F0091\source\R5T.F0091\R5T.F0091.csproj", "{1F84FB41-1231-459A-8C24-A9DA1C9B770D}"
EndProject
Project("{9A19103F-16F7-4668-BE54-9A1E7A4F7556}") = "R5T.F0120", "..\..\R5T.F0120\source\R5T.F0120\R5T.F0120.csproj", "{01569245-A038-49B7-9BDE-0CCF882EFADB}"
EndProject
Project("{9A19103F-16F7-4668-BE54-9A1E7A4F7556}") = "R5T.F0124", "..\..\R5T.F0124\source\R5T.F0124\R5T.F0124.csproj", "{47449820-2405-4B78-8ACA-BD0CBB1CD77C}"
EndProject
Project("{9A19103F-16F7-4668-BE54-9A1E7A4F7556}") = "R5T.L0001.Y000", "..\..\R5T.L0001\source\R5T.L0001.Y000\R5T.L0001.Y000.csproj", "{FA448159-3DDD-4F0D-8467-B40F60AA2B4A}"
EndProject
Project("{9A19103F-16F7-4668-BE54-9A1E7A4F7556}") = "R5T.L0001.Z000", "..\..\R5T.L0001\source\R5T.L0001.Z000\R5T.L0001.Z000.csproj", "{9D7B08FC-3451-425D-800A-FC558F87828B}"
EndProject
Project("{9A19103F-16F7-4668-BE54-9A1E7A4F7556}") = "R5T.L0001", "..\..\R5T.L0001\source\R5T.L0001\R5T.L0001.csproj", "{68350F60-7C19-45B0-8B5C-3D6C70F1BB47}"
EndProject
Project("{9A19103F-16F7-4668-BE54-9A1E7A4F7556}") = "R5T.L0053", "..\..\R5T.L0053\source\R5T.L0053\R5T.L0053.csproj", "{8AF3DA97-6DF0-4DCA-BCD4-1E00BCFC65B2}"
EndProject
Project("{9A19103F-16F7-4668-BE54-9A1E7A4F7556}") = "R5T.L0066", "..\..\R5T.L0066\source\R5T.L0066\R5T.L0066.csproj", "{B140B48B-0BA5-4F52-A1AF-1014BE845022}"
EndProject
Project("{9A19103F-16F7-4668-BE54-9A1E7A4F7556}") = "R5T.NG0005", "..\..\R5T.NG0005\source\R5T.NG0005\R5T.NG0005.csproj", "{0A29A1AE-1239-4F32-AEFB-BBC987C76A11}"
EndProject
Project("{9A19103F-16F7-4668-BE54-9A1E7A4F7556}") = "R5T.NG0006", "..\..\R5T.NG0006\source\R5T.NG0006\R5T.NG0006.csproj", "{DF5F3822-556E-452D-A55B-93FC64D919A6}"
EndProject
Project("{9A19103F-16F7-4668-BE54-9A1E7A4F7556}") = "R5T.NG0008", "..\..\R5T.NG0008\source\R5T.NG0008\R5T.NG0008.csproj", "{9C735EC0-D7F8-47A1-874E-6A1CED489EDE}"
EndProject
Project("{9A19103F-16F7-4668-BE54-9A1E7A4F7556}") = "R5T.NG0022", "..\..\R5T.NG0022\source\R5T.NG0022\R5T.NG0022.csproj", "{7A4F2D5F-75D1-46C8-88E0-D25C8497D888}"
EndProject
Project("{9A19103F-16F7-4668-BE54-9A1E7A4F7556}") = "R5T.T0046", "..\..\R5T.T0046\source\R5T.T0046\R5T.T0046.csproj", "{54EEC53D-3932-4CED-B824-EEBF58AEE756}"
EndProject
Project("{9A19103F-16F7-4668-BE54-9A1E7A4F7556}") = "R5T.T0131", "..\..\R5T.T0131\source\R5T.T0131\R5T.T0131.csproj", "{F0F23BE5-FA76-4AC5-9A5B-6B371A54394E}"
EndProject
Project("{9A19103F-16F7-4668-BE54-9A1E7A4F7556}") = "R5T.T0132", "..\..\R5T.T0132\source\R5T.T0132\R5T.T0132.csproj", "{57C9B04A-3C60-4B0E-B24B-9E573992933C}"
EndProject
Project("{9A19103F-16F7-4668-BE54-9A1E7A4F7556}") = "R5T.T0142", "..\..\R5T.T0142\source\R5T.T0142\R5T.T0142.csproj", "{DDDE116E-118D-4580-BC3E-D6B70E70E4D9}"
EndProject
Project("{9A19103F-16F7-4668-BE54-9A1E7A4F7556}") = "R5T.T0143", "..\..\R5T.T0143\source\R5T.T0143\R5T.T0143.csproj", "{D96B7658-9FE2-4925-B269-A9577950CC03}"
EndProject
Project("{9A19103F-16F7-4668-BE54-9A1E7A4F7556}") = "R5T.T0144", "..\..\R5T.T0144\source\R5T.T0144\R5T.T0144.csproj", "{970E5D4E-5F4C-4D79-9EBD-EBABE09D692A}"
EndProject
Project("{9A19103F-16F7-4668-BE54-9A1E7A4F7556}") = "R5T.T0146", "..\..\R5T.T0146\source\R5T.T0146\R5T.T0146.csproj", "{797D34A4-4930-4693-B866-CB9E605FB237}"
EndProject
Project("{9A19103F-16F7-4668-BE54-9A1E7A4F7556}") = "R5T.T0156", "..\..\R5T.T0156\source\R5T.T0156\R5T.T0156.csproj", "{ABB046D0-40B2-4759-B9B1-E57AD1AEBF4D}"
EndProject
Project("{9A19103F-16F7-4668-BE54-9A1E7A4F7556}") = "R5T.T0174", "..\..\R5T.T0174\source\R5T.T0174\R5T.T0174.csproj", "{AFEC0099-1FA1-4E74-B916-B8991072CB06}"
EndProject
Project("{9A19103F-16F7-4668-BE54-9A1E7A4F7556}") = "R5T.T0176", "..\..\R5T.T0176\source\R5T.T0176\R5T.T0176.csproj", "{334A89F9-AB36-4CC9-AFF7-BDFB031E3781}"
EndProject
Project("{9A19103F-16F7-4668-BE54-9A1E7A4F7556}") = "R5T.T0177", "..\..\R5T.T0177\source\R5T.T0177\R5T.T0177.csproj", "{F7DD3F1E-BC75-4FEF-8D67-A1CD21EDDD8C}"
EndProject
Project("{9A19103F-16F7-4668-BE54-9A1E7A4F7556}") = "R5T.T0178", "..\..\R5T.T0178\source\R5T.T0178\R5T.T0178.csproj", "{E4E31F61-EDEC-48BA-AD0B-8194FBD56560}"
EndProject
Project("{9A19103F-16F7-4668-BE54-9A1E7A4F7556}") = "R5T.T0179", "..\..\R5T.T0179\source\R5T.T0179\R5T.T0179.csproj", "{1CC749EE-1EA7-4083-A690-792C4B817C47}"
EndProject
Project("{9A19103F-16F7-4668-BE54-9A1E7A4F7556}") = "R5T.T0180", "..\..\R5T.T0180\source\R5T.T0180\R5T.T0180.csproj", "{18B9EE3F-2B08-4EF1-83AA-BB7C1E8F7C49}"
EndProject
Project("{9A19103F-16F7-4668-BE54-9A1E7A4F7556}") = "R5T.T0181", "..\..\R5T.T0181\source\R5T.T0181\R5T.T0181.csproj", "{80E150A1-EB72-465B-B73C-FCB364DA2836}"
EndProject
Project("{9A19103F-16F7-4668-BE54-9A1E7A4F7556}") = "R5T.T0185", "..\..\R5T.T0185\source\R5T.T0185\R5T.T0185.csproj", "{D91E6E6B-92FC-43AB-8DC1-6D1FDEF0AD4D}"
EndProject
Project("{9A19103F-16F7-4668-BE54-9A1E7A4F7556}") = "R5T.T0188", "..\..\R5T.T0188\source\R5T.T0188\R5T.T0188.csproj", "{B168B079-058E-4798-9A62-92AFD1FF63FE}"
EndProject
Project("{9A19103F-16F7-4668-BE54-9A1E7A4F7556}") = "R5T.T0199", "..\..\R5T.T0199\source\R5T.T0199\R5T.T0199.csproj", "{3A05645B-9CB6-4E2E-B208-2D0480C3C25A}"
EndProject
Project("{9A19103F-16F7-4668-BE54-9A1E7A4F7556}") = "R5T.T0209", "..\..\R5T.T0209\source\R5T.T0209\R5T.T0209.csproj", "{81757274-F22D-4954-8123-D8FD22390F5A}"
EndProject
Project("{9A19103F-16F7-4668-BE54-9A1E7A4F7556}") = "R5T.T0220", "..\..\R5T.T0220\source\R5T.T0220\R5T.T0220.csproj", "{A2C227CB-4277-425B-839C-1F5517DACEE8}"
EndProject
Project("{9A19103F-16F7-4668-BE54-9A1E7A4F7556}") = "R5T.T0221", "..\..\R5T.T0221\source\R5T.T0221\R5T.T0221.csproj", "{7A99D039-3FB4-4A83-9C3D-791C1EC3584D}"
EndProject
Project("{9A19103F-16F7-4668-BE54-9A1E7A4F7556}") = "R5T.Y0000", "..\..\R5T.Y0000\source\R5T.Y0000\R5T.Y0000.csproj", "{D5E00E10-AFFC-4881-9C43-03B3D0580C15}"
EndProject
Project("{9A19103F-16F7-4668-BE54-9A1E7A4F7556}") = "R5T.Y0004", "..\..\R5T.Y0004\source\R5T.Y0004\R5T.Y0004.csproj", "{092381FF-7832-40C3-A8AF-CC16968C3575}"
EndProject
Project("{9A19103F-16F7-4668-BE54-9A1E7A4F7556}") = "R5T.Z0000", "..\..\R5T.Z0000\source\R5T.Z0000\R5T.Z0000.csproj", "{E92329CC-38F6-47AD-95CF-7F7586F9E2F6}"
EndProject
Project("{9A19103F-16F7-4668-BE54-9A1E7A4F7556}") = "R5T.Z0005", "..\..\R5T.Z0005\source\R5T.Z0005\R5T.Z0005.csproj", "{56CE7293-7AB1-4042-8F19-4259B8ADBCE0}"
EndProject
Project("{9A19103F-16F7-4668-BE54-9A1E7A4F7556}") = "R5T.Z0010.Platform", "..\..\R5T.Z0010\source\R5T.Z0010.Platform\R5T.Z0010.Platform.csproj", "{A028FFF8-7D0A-4BC0-9FAF-931D2D845984}"
EndProject
Project("{9A19103F-16F7-4668-BE54-9A1E7A4F7556}") = "R5T.Z0013", "..\..\R5T.Z0013\source\R5T.Z0013\R5T.Z0013.csproj", "{BEC6BCEF-07E5-4860-89A2-2F983EE9134E}"
EndProject
Project("{9A19103F-16F7-4668-BE54-9A1E7A4F7556}") = "R5T.Z0036", "..\..\R5T.Z0036\source\R5T.Z0036\R5T.Z0036.csproj", "{CF855544-E4C4-4B7D-9F04-4EA59505517C}"
EndProject
Global
	GlobalSection(NestedProjects) = preSolution
		{208205F8-62E5-42A5-BCF7-0F9152CCA9FC} = {8D59EDA1-E422-4F55-A245-FD58750CA11C}
		{3D7B7400-EA43-4EDE-8489-4653E5D4A561} = {8D59EDA1-E422-4F55-A245-FD58750CA11C}
		{DD217D63-2D2E-49A1-9C6D-CC862BA911A0} = {8D59EDA1-E422-4F55-A245-FD58750CA11C}
		{54E53006-7AFA-4002-8AD3-CA6052485D0A} = {8D59EDA1-E422-4F55-A245-FD58750CA11C}
		{48E9E102-07D6-4F14-9124-F020CB13F923} = {8D59EDA1-E422-4F55-A245-FD58750CA11C}
		{32FAB306-68B2-4DCE-A877-6CF01E86FD32} = {8D59EDA1-E422-4F55-A245-FD58750CA11C}
		{2F430269-145C-4CA3-ADE2-66B650E20AF4} = {8D59EDA1-E422-4F55-A245-FD58750CA11C}
		{FF09A75E-2EA2-4988-9998-4498FC3BABB8} = {8D59EDA1-E422-4F55-A245-FD58750CA11C}
		{396FB453-75A0-4073-AB61-E95CADC56C34} = {8D59EDA1-E422-4F55-A245-FD58750CA11C}
		{9B9EFF83-E04B-41FE-B126-0EE6E0F9B232} = {8D59EDA1-E422-4F55-A245-FD58750CA11C}
		{FBEA9F98-31D4-437F-9334-2043B493472B} = {8D59EDA1-E422-4F55-A245-FD58750CA11C}
		{273DAD6E-5C1D-4398-888C-A84F83EAFAE6} = {8D59EDA1-E422-4F55-A245-FD58750CA11C}
		{1F84FB41-1231-459A-8C24-A9DA1C9B770D} = {8D59EDA1-E422-4F55-A245-FD58750CA11C}
		{01569245-A038-49B7-9BDE-0CCF882EFADB} = {8D59EDA1-E422-4F55-A245-FD58750CA11C}
		{47449820-2405-4B78-8ACA-BD0CBB1CD77C} = {8D59EDA1-E422-4F55-A245-FD58750CA11C}
		{FA448159-3DDD-4F0D-8467-B40F60AA2B4A} = {8D59EDA1-E422-4F55-A245-FD58750CA11C}
		{9D7B08FC-3451-425D-800A-FC558F87828B} = {8D59EDA1-E422-4F55-A245-FD58750CA11C}
		{68350F60-7C19-45B0-8B5C-3D6C70F1BB47} = {8D59EDA1-E422-4F55-A245-FD58750CA11C}
		{8AF3DA97-6DF0-4DCA-BCD4-1E00BCFC65B2} = {8D59EDA1-E422-4F55-A245-FD58750CA11C}
		{B140B48B-0BA5-4F52-A1AF-1014BE845022} = {8D59EDA1-E422-4F55-A245-FD58750CA11C}
		{0A29A1AE-1239-4F32-AEFB-BBC987C76A11} = {8D59EDA1-E422-4F55-A245-FD58750CA11C}
		{DF5F3822-556E-452D-A55B-93FC64D919A6} = {8D59EDA1-E422-4F55-A245-FD58750CA11C}
		{9C735EC0-D7F8-47A1-874E-6A1CED489EDE} = {8D59EDA1-E422-4F55-A245-FD58750CA11C}
		{7A4F2D5F-75D1-46C8-88E0-D25C8497D888} = {8D59EDA1-E422-4F55-A245-FD58750CA11C}
		{54EEC53D-3932-4CED-B824-EEBF58AEE756} = {8D59EDA1-E422-4F55-A245-FD58750CA11C}
		{F0F23BE5-FA76-4AC5-9A5B-6B371A54394E} = {8D59EDA1-E422-4F55-A245-FD58750CA11C}
		{57C9B04A-3C60-4B0E-B24B-9E573992933C} = {8D59EDA1-E422-4F55-A245-FD58750CA11C}
		{DDDE116E-118D-4580-BC3E-D6B70E70E4D9} = {8D59EDA1-E422-4F55-A245-FD58750CA11C}
		{D96B7658-9FE2-4925-B269-A9577950CC03} = {8D59EDA1-E422-4F55-A245-FD58750CA11C}
		{970E5D4E-5F4C-4D79-9EBD-EBABE09D692A} = {8D59EDA1-E422-4F55-A245-FD58750CA11C}
		{797D34A4-4930-4693-B866-CB9E605FB237} = {8D59EDA1-E422-4F55-A245-FD58750CA11C}
		{ABB046D0-40B2-4759-B9B1-E57AD1AEBF4D} = {8D59EDA1-E422-4F55-A245-FD58750CA11C}
		{AFEC0099-1FA1-4E74-B916-B8991072CB06} = {8D59EDA1-E422-4F55-A245-FD58750CA11C}
		{334A89F9-AB36-4CC9-AFF7-BDFB031E3781} = {8D59EDA1-E422-4F55-A245-FD58750CA11C}
		{F7DD3F1E-BC75-4FEF-8D67-A1CD21EDDD8C} = {8D59EDA1-E422-4F55-A245-FD58750CA11C}
		{E4E31F61-EDEC-48BA-AD0B-8194FBD56560} = {8D59EDA1-E422-4F55-A245-FD58750CA11C}
		{1CC749EE-1EA7-4083-A690-792C4B817C47} = {8D59EDA1-E422-4F55-A245-FD58750CA11C}
		{18B9EE3F-2B08-4EF1-83AA-BB7C1E8F7C49} = {8D59EDA1-E422-4F55-A245-FD58750CA11C}
		{80E150A1-EB72-465B-B73C-FCB364DA2836} = {8D59EDA1-E422-4F55-A245-FD58750CA11C}
		{D91E6E6B-92FC-43AB-8DC1-6D1FDEF0AD4D} = {8D59EDA1-E422-4F55-A245-FD58750CA11C}
		{B168B079-058E-4798-9A62-92AFD1FF63FE} = {8D59EDA1-E422-4F55-A245-FD58750CA11C}
		{3A05645B-9CB6-4E2E-B208-2D0480C3C25A} = {8D59EDA1-E422-4F55-A245-FD58750CA11C}
		{81757274-F22D-4954-8123-D8FD22390F5A} = {8D59EDA1-E422-4F55-A245-FD58750CA11C}
		{A2C227CB-4277-425B-839C-1F5517DACEE8} = {8D59EDA1-E422-4F55-A245-FD58750CA11C}
		{7A99D039-3FB4-4A83-9C3D-791C1EC3584D} = {8D59EDA1-E422-4F55-A245-FD58750CA11C}
		{D5E00E10-AFFC-4881-9C43-03B3D0580C15} = {8D59EDA1-E422-4F55-A245-FD58750CA11C}
		{092381FF-7832-40C3-A8AF-CC16968C3575} = {8D59EDA1-E422-4F55-A245-FD58750CA11C}
		{E92329CC-38F6-47AD-95CF-7F7586F9E2F6} = {8D59EDA1-E422-4F55-A245-FD58750CA11C}
		{56CE7293-7AB1-4042-8F19-4259B8ADBCE0} = {8D59EDA1-E422-4F55-A245-FD58750CA11C}
		{A028FFF8-7D0A-4BC0-9FAF-931D2D845984} = {8D59EDA1-E422-4F55-A245-FD58750CA11C}
		{BEC6BCEF-07E5-4860-89A2-2F983EE9134E} = {8D59EDA1-E422-4F55-A245-FD58750CA11C}
		{CF855544-E4C4-4B7D-9F04-4EA59505517C} = {8D59EDA1-E422-4F55-A245-FD58750CA11C}
	EndGlobalSection
	GlobalSection(SolutionConfigurationPlatforms) = preSolution
		Debug|Any CPU = Debug|Any CPU
		Release|Any CPU = Release|Any CPU
	EndGlobalSection
	GlobalSection(ProjectConfigurationPlatforms) = postSolution
		{E9287F02-5542-4C76-9E2F-BFC6FFD5CC4B}.Debug|Any CPU.ActiveCfg = Debug|Any CPU
		{E9287F02-5542-4C76-9E2F-BFC6FFD5CC4B}.Debug|Any CPU.Build.0 = Debug|Any CPU
		{E9287F02-5542-4C76-9E2F-BFC6FFD5CC4B}.Release|Any CPU.ActiveCfg = Release|Any CPU
		{E9287F02-5542-4C76-9E2F-BFC6FFD5CC4B}.Release|Any CPU.Build.0 = Release|Any CPU
		{398C4B9F-E099-432F-9D65-FB6F85E7E34F}.Debug|Any CPU.ActiveCfg = Debug|Any CPU
		{398C4B9F-E099-432F-9D65-FB6F85E7E34F}.Debug|Any CPU.Build.0 = Debug|Any CPU
		{398C4B9F-E099-432F-9D65-FB6F85E7E34F}.Release|Any CPU.ActiveCfg = Release|Any CPU
		{398C4B9F-E099-432F-9D65-FB6F85E7E34F}.Release|Any CPU.Build.0 = Release|Any CPU
		{208205F8-62E5-42A5-BCF7-0F9152CCA9FC}.Debug|Any CPU.ActiveCfg = Debug|Any CPU
		{208205F8-62E5-42A5-BCF7-0F9152CCA9FC}.Debug|Any CPU.Build.0 = Debug|Any CPU
		{208205F8-62E5-42A5-BCF7-0F9152CCA9FC}.Release|Any CPU.ActiveCfg = Release|Any CPU
		{208205F8-62E5-42A5-BCF7-0F9152CCA9FC}.Release|Any CPU.Build.0 = Release|Any CPU
		{3D7B7400-EA43-4EDE-8489-4653E5D4A561}.Debug|Any CPU.ActiveCfg = Debug|Any CPU
		{3D7B7400-EA43-4EDE-8489-4653E5D4A561}.Debug|Any CPU.Build.0 = Debug|Any CPU
		{3D7B7400-EA43-4EDE-8489-4653E5D4A561}.Release|Any CPU.ActiveCfg = Release|Any CPU
		{3D7B7400-EA43-4EDE-8489-4653E5D4A561}.Release|Any CPU.Build.0 = Release|Any CPU
		{DD217D63-2D2E-49A1-9C6D-CC862BA911A0}.Debug|Any CPU.ActiveCfg = Debug|Any CPU
		{DD217D63-2D2E-49A1-9C6D-CC862BA911A0}.Debug|Any CPU.Build.0 = Debug|Any CPU
		{DD217D63-2D2E-49A1-9C6D-CC862BA911A0}.Release|Any CPU.ActiveCfg = Release|Any CPU
		{DD217D63-2D2E-49A1-9C6D-CC862BA911A0}.Release|Any CPU.Build.0 = Release|Any CPU
		{54E53006-7AFA-4002-8AD3-CA6052485D0A}.Debug|Any CPU.ActiveCfg = Debug|Any CPU
		{54E53006-7AFA-4002-8AD3-CA6052485D0A}.Debug|Any CPU.Build.0 = Debug|Any CPU
		{54E53006-7AFA-4002-8AD3-CA6052485D0A}.Release|Any CPU.ActiveCfg = Release|Any CPU
		{54E53006-7AFA-4002-8AD3-CA6052485D0A}.Release|Any CPU.Build.0 = Release|Any CPU
		{48E9E102-07D6-4F14-9124-F020CB13F923}.Debug|Any CPU.ActiveCfg = Debug|Any CPU
		{48E9E102-07D6-4F14-9124-F020CB13F923}.Debug|Any CPU.Build.0 = Debug|Any CPU
		{48E9E102-07D6-4F14-9124-F020CB13F923}.Release|Any CPU.ActiveCfg = Release|Any CPU
		{48E9E102-07D6-4F14-9124-F020CB13F923}.Release|Any CPU.Build.0 = Release|Any CPU
		{32FAB306-68B2-4DCE-A877-6CF01E86FD32}.Debug|Any CPU.ActiveCfg = Debug|Any CPU
		{32FAB306-68B2-4DCE-A877-6CF01E86FD32}.Debug|Any CPU.Build.0 = Debug|Any CPU
		{32FAB306-68B2-4DCE-A877-6CF01E86FD32}.Release|Any CPU.ActiveCfg = Release|Any CPU
		{32FAB306-68B2-4DCE-A877-6CF01E86FD32}.Release|Any CPU.Build.0 = Release|Any CPU
		{2F430269-145C-4CA3-ADE2-66B650E20AF4}.Debug|Any CPU.ActiveCfg = Debug|Any CPU
		{2F430269-145C-4CA3-ADE2-66B650E20AF4}.Debug|Any CPU.Build.0 = Debug|Any CPU
		{2F430269-145C-4CA3-ADE2-66B650E20AF4}.Release|Any CPU.ActiveCfg = Release|Any CPU
		{2F430269-145C-4CA3-ADE2-66B650E20AF4}.Release|Any CPU.Build.0 = Release|Any CPU
		{FF09A75E-2EA2-4988-9998-4498FC3BABB8}.Debug|Any CPU.ActiveCfg = Debug|Any CPU
		{FF09A75E-2EA2-4988-9998-4498FC3BABB8}.Debug|Any CPU.Build.0 = Debug|Any CPU
		{FF09A75E-2EA2-4988-9998-4498FC3BABB8}.Release|Any CPU.ActiveCfg = Release|Any CPU
		{FF09A75E-2EA2-4988-9998-4498FC3BABB8}.Release|Any CPU.Build.0 = Release|Any CPU
		{396FB453-75A0-4073-AB61-E95CADC56C34}.Debug|Any CPU.ActiveCfg = Debug|Any CPU
		{396FB453-75A0-4073-AB61-E95CADC56C34}.Debug|Any CPU.Build.0 = Debug|Any CPU
		{396FB453-75A0-4073-AB61-E95CADC56C34}.Release|Any CPU.ActiveCfg = Release|Any CPU
		{396FB453-75A0-4073-AB61-E95CADC56C34}.Release|Any CPU.Build.0 = Release|Any CPU
		{9B9EFF83-E04B-41FE-B126-0EE6E0F9B232}.Debug|Any CPU.ActiveCfg = Debug|Any CPU
		{9B9EFF83-E04B-41FE-B126-0EE6E0F9B232}.Debug|Any CPU.Build.0 = Debug|Any CPU
		{9B9EFF83-E04B-41FE-B126-0EE6E0F9B232}.Release|Any CPU.ActiveCfg = Release|Any CPU
		{9B9EFF83-E04B-41FE-B126-0EE6E0F9B232}.Release|Any CPU.Build.0 = Release|Any CPU
		{FBEA9F98-31D4-437F-9334-2043B493472B}.Debug|Any CPU.ActiveCfg = Debug|Any CPU
		{FBEA9F98-31D4-437F-9334-2043B493472B}.Debug|Any CPU.Build.0 = Debug|Any CPU
		{FBEA9F98-31D4-437F-9334-2043B493472B}.Release|Any CPU.ActiveCfg = Release|Any CPU
		{FBEA9F98-31D4-437F-9334-2043B493472B}.Release|Any CPU.Build.0 = Release|Any CPU
		{273DAD6E-5C1D-4398-888C-A84F83EAFAE6}.Debug|Any CPU.ActiveCfg = Debug|Any CPU
		{273DAD6E-5C1D-4398-888C-A84F83EAFAE6}.Debug|Any CPU.Build.0 = Debug|Any CPU
		{273DAD6E-5C1D-4398-888C-A84F83EAFAE6}.Release|Any CPU.ActiveCfg = Release|Any CPU
		{273DAD6E-5C1D-4398-888C-A84F83EAFAE6}.Release|Any CPU.Build.0 = Release|Any CPU
		{1F84FB41-1231-459A-8C24-A9DA1C9B770D}.Debug|Any CPU.ActiveCfg = Debug|Any CPU
		{1F84FB41-1231-459A-8C24-A9DA1C9B770D}.Debug|Any CPU.Build.0 = Debug|Any CPU
		{1F84FB41-1231-459A-8C24-A9DA1C9B770D}.Release|Any CPU.ActiveCfg = Release|Any CPU
		{1F84FB41-1231-459A-8C24-A9DA1C9B770D}.Release|Any CPU.Build.0 = Release|Any CPU
		{01569245-A038-49B7-9BDE-0CCF882EFADB}.Debug|Any CPU.ActiveCfg = Debug|Any CPU
		{01569245-A038-49B7-9BDE-0CCF882EFADB}.Debug|Any CPU.Build.0 = Debug|Any CPU
		{01569245-A038-49B7-9BDE-0CCF882EFADB}.Release|Any CPU.ActiveCfg = Release|Any CPU
		{01569245-A038-49B7-9BDE-0CCF882EFADB}.Release|Any CPU.Build.0 = Release|Any CPU
		{47449820-2405-4B78-8ACA-BD0CBB1CD77C}.Debug|Any CPU.ActiveCfg = Debug|Any CPU
		{47449820-2405-4B78-8ACA-BD0CBB1CD77C}.Debug|Any CPU.Build.0 = Debug|Any CPU
		{47449820-2405-4B78-8ACA-BD0CBB1CD77C}.Release|Any CPU.ActiveCfg = Release|Any CPU
		{47449820-2405-4B78-8ACA-BD0CBB1CD77C}.Release|Any CPU.Build.0 = Release|Any CPU
		{FA448159-3DDD-4F0D-8467-B40F60AA2B4A}.Debug|Any CPU.ActiveCfg = Debug|Any CPU
		{FA448159-3DDD-4F0D-8467-B40F60AA2B4A}.Debug|Any CPU.Build.0 = Debug|Any CPU
		{FA448159-3DDD-4F0D-8467-B40F60AA2B4A}.Release|Any CPU.ActiveCfg = Release|Any CPU
		{FA448159-3DDD-4F0D-8467-B40F60AA2B4A}.Release|Any CPU.Build.0 = Release|Any CPU
		{9D7B08FC-3451-425D-800A-FC558F87828B}.Debug|Any CPU.ActiveCfg = Debug|Any CPU
		{9D7B08FC-3451-425D-800A-FC558F87828B}.Debug|Any CPU.Build.0 = Debug|Any CPU
		{9D7B08FC-3451-425D-800A-FC558F87828B}.Release|Any CPU.ActiveCfg = Release|Any CPU
		{9D7B08FC-3451-425D-800A-FC558F87828B}.Release|Any CPU.Build.0 = Release|Any CPU
		{68350F60-7C19-45B0-8B5C-3D6C70F1BB47}.Debug|Any CPU.ActiveCfg = Debug|Any CPU
		{68350F60-7C19-45B0-8B5C-3D6C70F1BB47}.Debug|Any CPU.Build.0 = Debug|Any CPU
		{68350F60-7C19-45B0-8B5C-3D6C70F1BB47}.Release|Any CPU.ActiveCfg = Release|Any CPU
		{68350F60-7C19-45B0-8B5C-3D6C70F1BB47}.Release|Any CPU.Build.0 = Release|Any CPU
		{8AF3DA97-6DF0-4DCA-BCD4-1E00BCFC65B2}.Debug|Any CPU.ActiveCfg = Debug|Any CPU
		{8AF3DA97-6DF0-4DCA-BCD4-1E00BCFC65B2}.Debug|Any CPU.Build.0 = Debug|Any CPU
		{8AF3DA97-6DF0-4DCA-BCD4-1E00BCFC65B2}.Release|Any CPU.ActiveCfg = Release|Any CPU
		{8AF3DA97-6DF0-4DCA-BCD4-1E00BCFC65B2}.Release|Any CPU.Build.0 = Release|Any CPU
		{B140B48B-0BA5-4F52-A1AF-1014BE845022}.Debug|Any CPU.ActiveCfg = Debug|Any CPU
		{B140B48B-0BA5-4F52-A1AF-1014BE845022}.Debug|Any CPU.Build.0 = Debug|Any CPU
		{B140B48B-0BA5-4F52-A1AF-1014BE845022}.Release|Any CPU.ActiveCfg = Release|Any CPU
		{B140B48B-0BA5-4F52-A1AF-1014BE845022}.Release|Any CPU.Build.0 = Release|Any CPU
		{0A29A1AE-1239-4F32-AEFB-BBC987C76A11}.Debug|Any CPU.ActiveCfg = Debug|Any CPU
		{0A29A1AE-1239-4F32-AEFB-BBC987C76A11}.Debug|Any CPU.Build.0 = Debug|Any CPU
		{0A29A1AE-1239-4F32-AEFB-BBC987C76A11}.Release|Any CPU.ActiveCfg = Release|Any CPU
		{0A29A1AE-1239-4F32-AEFB-BBC987C76A11}.Release|Any CPU.Build.0 = Release|Any CPU
		{DF5F3822-556E-452D-A55B-93FC64D919A6}.Debug|Any CPU.ActiveCfg = Debug|Any CPU
		{DF5F3822-556E-452D-A55B-93FC64D919A6}.Debug|Any CPU.Build.0 = Debug|Any CPU
		{DF5F3822-556E-452D-A55B-93FC64D919A6}.Release|Any CPU.ActiveCfg = Release|Any CPU
		{DF5F3822-556E-452D-A55B-93FC64D919A6}.Release|Any CPU.Build.0 = Release|Any CPU
		{9C735EC0-D7F8-47A1-874E-6A1CED489EDE}.Debug|Any CPU.ActiveCfg = Debug|Any CPU
		{9C735EC0-D7F8-47A1-874E-6A1CED489EDE}.Debug|Any CPU.Build.0 = Debug|Any CPU
		{9C735EC0-D7F8-47A1-874E-6A1CED489EDE}.Release|Any CPU.ActiveCfg = Release|Any CPU
		{9C735EC0-D7F8-47A1-874E-6A1CED489EDE}.Release|Any CPU.Build.0 = Release|Any CPU
		{7A4F2D5F-75D1-46C8-88E0-D25C8497D888}.Debug|Any CPU.ActiveCfg = Debug|Any CPU
		{7A4F2D5F-75D1-46C8-88E0-D25C8497D888}.Debug|Any CPU.Build.0 = Debug|Any CPU
		{7A4F2D5F-75D1-46C8-88E0-D25C8497D888}.Release|Any CPU.ActiveCfg = Release|Any CPU
		{7A4F2D5F-75D1-46C8-88E0-D25C8497D888}.Release|Any CPU.Build.0 = Release|Any CPU
		{54EEC53D-3932-4CED-B824-EEBF58AEE756}.Debug|Any CPU.ActiveCfg = Debug|Any CPU
		{54EEC53D-3932-4CED-B824-EEBF58AEE756}.Debug|Any CPU.Build.0 = Debug|Any CPU
		{54EEC53D-3932-4CED-B824-EEBF58AEE756}.Release|Any CPU.ActiveCfg = Release|Any CPU
		{54EEC53D-3932-4CED-B824-EEBF58AEE756}.Release|Any CPU.Build.0 = Release|Any CPU
		{F0F23BE5-FA76-4AC5-9A5B-6B371A54394E}.Debug|Any CPU.ActiveCfg = Debug|Any CPU
		{F0F23BE5-FA76-4AC5-9A5B-6B371A54394E}.Debug|Any CPU.Build.0 = Debug|Any CPU
		{F0F23BE5-FA76-4AC5-9A5B-6B371A54394E}.Release|Any CPU.ActiveCfg = Release|Any CPU
		{F0F23BE5-FA76-4AC5-9A5B-6B371A54394E}.Release|Any CPU.Build.0 = Release|Any CPU
		{57C9B04A-3C60-4B0E-B24B-9E573992933C}.Debug|Any CPU.ActiveCfg = Debug|Any CPU
		{57C9B04A-3C60-4B0E-B24B-9E573992933C}.Debug|Any CPU.Build.0 = Debug|Any CPU
		{57C9B04A-3C60-4B0E-B24B-9E573992933C}.Release|Any CPU.ActiveCfg = Release|Any CPU
		{57C9B04A-3C60-4B0E-B24B-9E573992933C}.Release|Any CPU.Build.0 = Release|Any CPU
		{DDDE116E-118D-4580-BC3E-D6B70E70E4D9}.Debug|Any CPU.ActiveCfg = Debug|Any CPU
		{DDDE116E-118D-4580-BC3E-D6B70E70E4D9}.Debug|Any CPU.Build.0 = Debug|Any CPU
		{DDDE116E-118D-4580-BC3E-D6B70E70E4D9}.Release|Any CPU.ActiveCfg = Release|Any CPU
		{DDDE116E-118D-4580-BC3E-D6B70E70E4D9}.Release|Any CPU.Build.0 = Release|Any CPU
		{D96B7658-9FE2-4925-B269-A9577950CC03}.Debug|Any CPU.ActiveCfg = Debug|Any CPU
		{D96B7658-9FE2-4925-B269-A9577950CC03}.Debug|Any CPU.Build.0 = Debug|Any CPU
		{D96B7658-9FE2-4925-B269-A9577950CC03}.Release|Any CPU.ActiveCfg = Release|Any CPU
		{D96B7658-9FE2-4925-B269-A9577950CC03}.Release|Any CPU.Build.0 = Release|Any CPU
		{970E5D4E-5F4C-4D79-9EBD-EBABE09D692A}.Debug|Any CPU.ActiveCfg = Debug|Any CPU
		{970E5D4E-5F4C-4D79-9EBD-EBABE09D692A}.Debug|Any CPU.Build.0 = Debug|Any CPU
		{970E5D4E-5F4C-4D79-9EBD-EBABE09D692A}.Release|Any CPU.ActiveCfg = Release|Any CPU
		{970E5D4E-5F4C-4D79-9EBD-EBABE09D692A}.Release|Any CPU.Build.0 = Release|Any CPU
		{797D34A4-4930-4693-B866-CB9E605FB237}.Debug|Any CPU.ActiveCfg = Debug|Any CPU
		{797D34A4-4930-4693-B866-CB9E605FB237}.Debug|Any CPU.Build.0 = Debug|Any CPU
		{797D34A4-4930-4693-B866-CB9E605FB237}.Release|Any CPU.ActiveCfg = Release|Any CPU
		{797D34A4-4930-4693-B866-CB9E605FB237}.Release|Any CPU.Build.0 = Release|Any CPU
		{ABB046D0-40B2-4759-B9B1-E57AD1AEBF4D}.Debug|Any CPU.ActiveCfg = Debug|Any CPU
		{ABB046D0-40B2-4759-B9B1-E57AD1AEBF4D}.Debug|Any CPU.Build.0 = Debug|Any CPU
		{ABB046D0-40B2-4759-B9B1-E57AD1AEBF4D}.Release|Any CPU.ActiveCfg = Release|Any CPU
		{ABB046D0-40B2-4759-B9B1-E57AD1AEBF4D}.Release|Any CPU.Build.0 = Release|Any CPU
		{AFEC0099-1FA1-4E74-B916-B8991072CB06}.Debug|Any CPU.ActiveCfg = Debug|Any CPU
		{AFEC0099-1FA1-4E74-B916-B8991072CB06}.Debug|Any CPU.Build.0 = Debug|Any CPU
		{AFEC0099-1FA1-4E74-B916-B8991072CB06}.Release|Any CPU.ActiveCfg = Release|Any CPU
		{AFEC0099-1FA1-4E74-B916-B8991072CB06}.Release|Any CPU.Build.0 = Release|Any CPU
		{334A89F9-AB36-4CC9-AFF7-BDFB031E3781}.Debug|Any CPU.ActiveCfg = Debug|Any CPU
		{334A89F9-AB36-4CC9-AFF7-BDFB031E3781}.Debug|Any CPU.Build.0 = Debug|Any CPU
		{334A89F9-AB36-4CC9-AFF7-BDFB031E3781}.Release|Any CPU.ActiveCfg = Release|Any CPU
		{334A89F9-AB36-4CC9-AFF7-BDFB031E3781}.Release|Any CPU.Build.0 = Release|Any CPU
		{F7DD3F1E-BC75-4FEF-8D67-A1CD21EDDD8C}.Debug|Any CPU.ActiveCfg = Debug|Any CPU
		{F7DD3F1E-BC75-4FEF-8D67-A1CD21EDDD8C}.Debug|Any CPU.Build.0 = Debug|Any CPU
		{F7DD3F1E-BC75-4FEF-8D67-A1CD21EDDD8C}.Release|Any CPU.ActiveCfg = Release|Any CPU
		{F7DD3F1E-BC75-4FEF-8D67-A1CD21EDDD8C}.Release|Any CPU.Build.0 = Release|Any CPU
		{E4E31F61-EDEC-48BA-AD0B-8194FBD56560}.Debug|Any CPU.ActiveCfg = Debug|Any CPU
		{E4E31F61-EDEC-48BA-AD0B-8194FBD56560}.Debug|Any CPU.Build.0 = Debug|Any CPU
		{E4E31F61-EDEC-48BA-AD0B-8194FBD56560}.Release|Any CPU.ActiveCfg = Release|Any CPU
		{E4E31F61-EDEC-48BA-AD0B-8194FBD56560}.Release|Any CPU.Build.0 = Release|Any CPU
		{1CC749EE-1EA7-4083-A690-792C4B817C47}.Debug|Any CPU.ActiveCfg = Debug|Any CPU
		{1CC749EE-1EA7-4083-A690-792C4B817C47}.Debug|Any CPU.Build.0 = Debug|Any CPU
		{1CC749EE-1EA7-4083-A690-792C4B817C47}.Release|Any CPU.ActiveCfg = Release|Any CPU
		{1CC749EE-1EA7-4083-A690-792C4B817C47}.Release|Any CPU.Build.0 = Release|Any CPU
		{18B9EE3F-2B08-4EF1-83AA-BB7C1E8F7C49}.Debug|Any CPU.ActiveCfg = Debug|Any CPU
		{18B9EE3F-2B08-4EF1-83AA-BB7C1E8F7C49}.Debug|Any CPU.Build.0 = Debug|Any CPU
		{18B9EE3F-2B08-4EF1-83AA-BB7C1E8F7C49}.Release|Any CPU.ActiveCfg = Release|Any CPU
		{18B9EE3F-2B08-4EF1-83AA-BB7C1E8F7C49}.Release|Any CPU.Build.0 = Release|Any CPU
		{80E150A1-EB72-465B-B73C-FCB364DA2836}.Debug|Any CPU.ActiveCfg = Debug|Any CPU
		{80E150A1-EB72-465B-B73C-FCB364DA2836}.Debug|Any CPU.Build.0 = Debug|Any CPU
		{80E150A1-EB72-465B-B73C-FCB364DA2836}.Release|Any CPU.ActiveCfg = Release|Any CPU
		{80E150A1-EB72-465B-B73C-FCB364DA2836}.Release|Any CPU.Build.0 = Release|Any CPU
		{D91E6E6B-92FC-43AB-8DC1-6D1FDEF0AD4D}.Debug|Any CPU.ActiveCfg = Debug|Any CPU
		{D91E6E6B-92FC-43AB-8DC1-6D1FDEF0AD4D}.Debug|Any CPU.Build.0 = Debug|Any CPU
		{D91E6E6B-92FC-43AB-8DC1-6D1FDEF0AD4D}.Release|Any CPU.ActiveCfg = Release|Any CPU
		{D91E6E6B-92FC-43AB-8DC1-6D1FDEF0AD4D}.Release|Any CPU.Build.0 = Release|Any CPU
		{B168B079-058E-4798-9A62-92AFD1FF63FE}.Debug|Any CPU.ActiveCfg = Debug|Any CPU
		{B168B079-058E-4798-9A62-92AFD1FF63FE}.Debug|Any CPU.Build.0 = Debug|Any CPU
		{B168B079-058E-4798-9A62-92AFD1FF63FE}.Release|Any CPU.ActiveCfg = Release|Any CPU
		{B168B079-058E-4798-9A62-92AFD1FF63FE}.Release|Any CPU.Build.0 = Release|Any CPU
		{3A05645B-9CB6-4E2E-B208-2D0480C3C25A}.Debug|Any CPU.ActiveCfg = Debug|Any CPU
		{3A05645B-9CB6-4E2E-B208-2D0480C3C25A}.Debug|Any CPU.Build.0 = Debug|Any CPU
		{3A05645B-9CB6-4E2E-B208-2D0480C3C25A}.Release|Any CPU.ActiveCfg = Release|Any CPU
		{3A05645B-9CB6-4E2E-B208-2D0480C3C25A}.Release|Any CPU.Build.0 = Release|Any CPU
		{81757274-F22D-4954-8123-D8FD22390F5A}.Debug|Any CPU.ActiveCfg = Debug|Any CPU
		{81757274-F22D-4954-8123-D8FD22390F5A}.Debug|Any CPU.Build.0 = Debug|Any CPU
		{81757274-F22D-4954-8123-D8FD22390F5A}.Release|Any CPU.ActiveCfg = Release|Any CPU
		{81757274-F22D-4954-8123-D8FD22390F5A}.Release|Any CPU.Build.0 = Release|Any CPU
		{A2C227CB-4277-425B-839C-1F5517DACEE8}.Debug|Any CPU.ActiveCfg = Debug|Any CPU
		{A2C227CB-4277-425B-839C-1F5517DACEE8}.Debug|Any CPU.Build.0 = Debug|Any CPU
		{A2C227CB-4277-425B-839C-1F5517DACEE8}.Release|Any CPU.ActiveCfg = Release|Any CPU
		{A2C227CB-4277-425B-839C-1F5517DACEE8}.Release|Any CPU.Build.0 = Release|Any CPU
		{7A99D039-3FB4-4A83-9C3D-791C1EC3584D}.Debug|Any CPU.ActiveCfg = Debug|Any CPU
		{7A99D039-3FB4-4A83-9C3D-791C1EC3584D}.Debug|Any CPU.Build.0 = Debug|Any CPU
		{7A99D039-3FB4-4A83-9C3D-791C1EC3584D}.Release|Any CPU.ActiveCfg = Release|Any CPU
		{7A99D039-3FB4-4A83-9C3D-791C1EC3584D}.Release|Any CPU.Build.0 = Release|Any CPU
		{D5E00E10-AFFC-4881-9C43-03B3D0580C15}.Debug|Any CPU.ActiveCfg = Debug|Any CPU
		{D5E00E10-AFFC-4881-9C43-03B3D0580C15}.Debug|Any CPU.Build.0 = Debug|Any CPU
		{D5E00E10-AFFC-4881-9C43-03B3D0580C15}.Release|Any CPU.ActiveCfg = Release|Any CPU
		{D5E00E10-AFFC-4881-9C43-03B3D0580C15}.Release|Any CPU.Build.0 = Release|Any CPU
		{092381FF-7832-40C3-A8AF-CC16968C3575}.Debug|Any CPU.ActiveCfg = Debug|Any CPU
		{092381FF-7832-40C3-A8AF-CC16968C3575}.Debug|Any CPU.Build.0 = Debug|Any CPU
		{092381FF-7832-40C3-A8AF-CC16968C3575}.Release|Any CPU.ActiveCfg = Release|Any CPU
		{092381FF-7832-40C3-A8AF-CC16968C3575}.Release|Any CPU.Build.0 = Release|Any CPU
		{E92329CC-38F6-47AD-95CF-7F7586F9E2F6}.Debug|Any CPU.ActiveCfg = Debug|Any CPU
		{E92329CC-38F6-47AD-95CF-7F7586F9E2F6}.Debug|Any CPU.Build.0 = Debug|Any CPU
		{E92329CC-38F6-47AD-95CF-7F7586F9E2F6}.Release|Any CPU.ActiveCfg = Release|Any CPU
		{E92329CC-38F6-47AD-95CF-7F7586F9E2F6}.Release|Any CPU.Build.0 = Release|Any CPU
		{56CE7293-7AB1-4042-8F19-4259B8ADBCE0}.Debug|Any CPU.ActiveCfg = Debug|Any CPU
		{56CE7293-7AB1-4042-8F19-4259B8ADBCE0}.Debug|Any CPU.Build.0 = Debug|Any CPU
		{56CE7293-7AB1-4042-8F19-4259B8ADBCE0}.Release|Any CPU.ActiveCfg = Release|Any CPU
		{56CE7293-7AB1-4042-8F19-4259B8ADBCE0}.Release|Any CPU.Build.0 = Release|Any CPU
		{A028FFF8-7D0A-4BC0-9FAF-931D2D845984}.Debug|Any CPU.ActiveCfg = Debug|Any CPU
		{A028FFF8-7D0A-4BC0-9FAF-931D2D845984}.Debug|Any CPU.Build.0 = Debug|Any CPU
		{A028FFF8-7D0A-4BC0-9FAF-931D2D845984}.Release|Any CPU.ActiveCfg = Release|Any CPU
		{A028FFF8-7D0A-4BC0-9FAF-931D2D845984}.Release|Any CPU.Build.0 = Release|Any CPU
		{BEC6BCEF-07E5-4860-89A2-2F983EE9134E}.Debug|Any CPU.ActiveCfg = Debug|Any CPU
		{BEC6BCEF-07E5-4860-89A2-2F983EE9134E}.Debug|Any CPU.Build.0 = Debug|Any CPU
		{BEC6BCEF-07E5-4860-89A2-2F983EE9134E}.Release|Any CPU.ActiveCfg = Release|Any CPU
		{BEC6BCEF-07E5-4860-89A2-2F983EE9134E}.Release|Any CPU.Build.0 = Release|Any CPU
		{CF855544-E4C4-4B7D-9F04-4EA59505517C}.Debug|Any CPU.ActiveCfg = Debug|Any CPU
		{CF855544-E4C4-4B7D-9F04-4EA59505517C}.Debug|Any CPU.Build.0 = Debug|Any CPU
		{CF855544-E4C4-4B7D-9F04-4EA59505517C}.Release|Any CPU.ActiveCfg = Release|Any CPU
		{CF855544-E4C4-4B7D-9F04-4EA59505517C}.Release|Any CPU.Build.0 = Release|Any CPU
	EndGlobalSection
	GlobalSection(SolutionProperties) = preSolution
		HideSolutionNode = FALSE
	EndGlobalSection
	GlobalSection(ExtensibilityGlobals) = postSolution
		SolutionGuid = {5E51DACA-B7AC-4591-BF93-DA999B9ABFFE}
	EndGlobalSection
EndGlobal
